
Microsoft Visual Studio Solution File, Format Version 12.00
# Visual Studio 15
VisualStudioVersion = 15.0.27130.2020
MinimumVisualStudioVersion = 10.0.40219.1
Project("{9A19103F-16F7-4668-BE54-9A1E7A4F7556}") = "WebApp", "WebApp\WebApp.csproj", "{2B723763-01E1-4B1E-8600-CD761A3AA80C}"
EndProject
Project("{9A19103F-16F7-4668-BE54-9A1E7A4F7556}") = "Domain", "Domain\Domain.csproj", "{AB0D6546-593B-41EF-AF7C-6DEB52B0D2DB}"
EndProject
Project("{FAE04EC0-301F-11D3-BF4B-00C04F79EFBC}") = "DAL.Interfaces", "DAL.interfaces\DAL.Interfaces.csproj", "{AC1C9BB4-10AB-4D78-94E8-2872D69F9A17}"
EndProject
Project("{FAE04EC0-301F-11D3-BF4B-00C04F79EFBC}") = "DAL.App.Interfaces", "DAL.App.Interfaces\DAL.App.Interfaces.csproj", "{B8E87A77-037A-45D6-832A-E637DBE6F09D}"
EndProject
Project("{FAE04EC0-301F-11D3-BF4B-00C04F79EFBC}") = "DAL.EF", "DAL.EF\DAL.EF.csproj", "{14B2904A-FB67-48D5-B02D-9C29B9BA17AB}"
EndProject
Project("{FAE04EC0-301F-11D3-BF4B-00C04F79EFBC}") = "DAL.App.EF", "DAL.App.EF\DAL.App.EF.csproj", "{C2DF12BD-895B-40C2-BD41-4973F8F76FC7}"
EndProject
Global
	GlobalSection(SolutionConfigurationPlatforms) = preSolution
		Debug|Any CPU = Debug|Any CPU
		Release|Any CPU = Release|Any CPU
	EndGlobalSection
	GlobalSection(ProjectConfigurationPlatforms) = postSolution
		{2B723763-01E1-4B1E-8600-CD761A3AA80C}.Debug|Any CPU.ActiveCfg = Debug|Any CPU
		{2B723763-01E1-4B1E-8600-CD761A3AA80C}.Debug|Any CPU.Build.0 = Debug|Any CPU
		{2B723763-01E1-4B1E-8600-CD761A3AA80C}.Release|Any CPU.ActiveCfg = Release|Any CPU
		{2B723763-01E1-4B1E-8600-CD761A3AA80C}.Release|Any CPU.Build.0 = Release|Any CPU
		{AB0D6546-593B-41EF-AF7C-6DEB52B0D2DB}.Debug|Any CPU.ActiveCfg = Debug|Any CPU
		{AB0D6546-593B-41EF-AF7C-6DEB52B0D2DB}.Debug|Any CPU.Build.0 = Debug|Any CPU
		{AB0D6546-593B-41EF-AF7C-6DEB52B0D2DB}.Release|Any CPU.ActiveCfg = Release|Any CPU
		{AB0D6546-593B-41EF-AF7C-6DEB52B0D2DB}.Release|Any CPU.Build.0 = Release|Any CPU
		{AC1C9BB4-10AB-4D78-94E8-2872D69F9A17}.Debug|Any CPU.ActiveCfg = Debug|Any CPU
		{AC1C9BB4-10AB-4D78-94E8-2872D69F9A17}.Debug|Any CPU.Build.0 = Debug|Any CPU
		{AC1C9BB4-10AB-4D78-94E8-2872D69F9A17}.Release|Any CPU.ActiveCfg = Release|Any CPU
		{AC1C9BB4-10AB-4D78-94E8-2872D69F9A17}.Release|Any CPU.Build.0 = Release|Any CPU
		{B8E87A77-037A-45D6-832A-E637DBE6F09D}.Debug|Any CPU.ActiveCfg = Debug|Any CPU
		{B8E87A77-037A-45D6-832A-E637DBE6F09D}.Debug|Any CPU.Build.0 = Debug|Any CPU
		{B8E87A77-037A-45D6-832A-E637DBE6F09D}.Release|Any CPU.ActiveCfg = Release|Any CPU
		{B8E87A77-037A-45D6-832A-E637DBE6F09D}.Release|Any CPU.Build.0 = Release|Any CPU
		{14B2904A-FB67-48D5-B02D-9C29B9BA17AB}.Debug|Any CPU.ActiveCfg = Debug|Any CPU
		{14B2904A-FB67-48D5-B02D-9C29B9BA17AB}.Debug|Any CPU.Build.0 = Debug|Any CPU
		{14B2904A-FB67-48D5-B02D-9C29B9BA17AB}.Release|Any CPU.ActiveCfg = Release|Any CPU
		{14B2904A-FB67-48D5-B02D-9C29B9BA17AB}.Release|Any CPU.Build.0 = Release|Any CPU
		{C2DF12BD-895B-40C2-BD41-4973F8F76FC7}.Debug|Any CPU.ActiveCfg = Debug|Any CPU
		{C2DF12BD-895B-40C2-BD41-4973F8F76FC7}.Debug|Any CPU.Build.0 = Debug|Any CPU
		{C2DF12BD-895B-40C2-BD41-4973F8F76FC7}.Release|Any CPU.ActiveCfg = Release|Any CPU
		{C2DF12BD-895B-40C2-BD41-4973F8F76FC7}.Release|Any CPU.Build.0 = Release|Any CPU
	EndGlobalSection
	GlobalSection(SolutionProperties) = preSolution
		HideSolutionNode = FALSE
	EndGlobalSection
	GlobalSection(ExtensibilityGlobals) = postSolution
		SolutionGuid = {89C01BA3-7372-45A5-A380-EA8E1EBD30A2}
	EndGlobalSection
EndGlobal
